
Microsoft Visual Studio Solution File, Format Version 12.00
# Visual Studio Version 16
VisualStudioVersion = 16.0.31515.178
MinimumVisualStudioVersion = 10.0.40219.1
Project("{FAE04EC0-301F-11D3-BF4B-00C04F79EFBC}") = "RestAspNet5", "RestAspNet5\RestAspNet5.csproj", "{EFF4FA1B-021B-4CFD-B8DB-AF6B8A84B061}"
EndProject
Global
	GlobalSection(SolutionConfigurationPlatforms) = preSolution
		Debug|Any CPU = Debug|Any CPU
		Release|Any CPU = Release|Any CPU
	EndGlobalSection
	GlobalSection(ProjectConfigurationPlatforms) = postSolution
		{EFF4FA1B-021B-4CFD-B8DB-AF6B8A84B061}.Debug|Any CPU.ActiveCfg = Debug|Any CPU
		{EFF4FA1B-021B-4CFD-B8DB-AF6B8A84B061}.Debug|Any CPU.Build.0 = Debug|Any CPU
		{EFF4FA1B-021B-4CFD-B8DB-AF6B8A84B061}.Release|Any CPU.ActiveCfg = Release|Any CPU
		{EFF4FA1B-021B-4CFD-B8DB-AF6B8A84B061}.Release|Any CPU.Build.0 = Release|Any CPU
	EndGlobalSection
	GlobalSection(SolutionProperties) = preSolution
		HideSolutionNode = FALSE
	EndGlobalSection
	GlobalSection(ExtensibilityGlobals) = postSolution
		SolutionGuid = {E5B498E2-CEE9-4C65-8481-027CA73E1748}
	EndGlobalSection
EndGlobal
